
Microsoft Visual Studio Solution File, Format Version 12.00
Project("{FAE04EC0-301F-11D3-BF4B-00C04F79EFBC}") = "Runner", "Runner\Runner.csproj", "{BF58A6D0-CB07-453F-9718-0EA5FB3EEDCA}"
EndProject
Project("{FAE04EC0-301F-11D3-BF4B-00C04F79EFBC}") = "Engine", "Engine\Engine.csproj", "{3F2942D0-A0BF-4237-9B0B-402FFFA01552}"
EndProject
Project("{FAE04EC0-301F-11D3-BF4B-00C04F79EFBC}") = "Editor", "Editor\Editor.csproj", "{BEAD8687-117B-475C-8C55-FD8903B26DC8}"
EndProject
Project("{FAE04EC0-301F-11D3-BF4B-00C04F79EFBC}") = "Content", "Content\Content.csproj", "{3B1CF04F-0C25-4434-B2F0-A5D1CE234718}"
EndProject
Project("{FAE04EC0-301F-11D3-BF4B-00C04F79EFBC}") = "Foster.Framework", "Lib\Foster\Framework\Foster.Framework.csproj", "{00221D16-FD68-488B-A925-A9724E8A573A}"
EndProject
Project("{FAE04EC0-301F-11D3-BF4B-00C04F79EFBC}") = "Foster.Audio", "Lib\Foster.Audio\Foster.Audio\Foster.Audio.csproj", "{2235BE2F-5327-430F-AB6D-DFADAA8945A5}"
EndProject

Global
	GlobalSection(SolutionConfigurationPlatforms) = preSolution
		Debug|Any CPU = Debug|Any CPU
		Release|Any CPU = Release|Any CPU
	EndGlobalSection
	GlobalSection(ProjectConfigurationPlatforms) = postSolution
		{BF58A6D0-CB07-453F-9718-0EA5FB3EEDCA}.Debug|Any CPU.ActiveCfg = Debug|Any CPU
		{BF58A6D0-CB07-453F-9718-0EA5FB3EEDCA}.Debug|Any CPU.Build.0 = Debug|Any CPU
		{BF58A6D0-CB07-453F-9718-0EA5FB3EEDCA}.Release|Any CPU.ActiveCfg = Release|Any CPU
		{BF58A6D0-CB07-453F-9718-0EA5FB3EEDCA}.Release|Any CPU.Build.0 = Release|Any CPU
		{3F2942D0-A0BF-4237-9B0B-402FFFA01552}.Debug|Any CPU.ActiveCfg = Debug|Any CPU
		{3F2942D0-A0BF-4237-9B0B-402FFFA01552}.Debug|Any CPU.Build.0 = Debug|Any CPU
		{3F2942D0-A0BF-4237-9B0B-402FFFA01552}.Release|Any CPU.ActiveCfg = Release|Any CPU
		{3F2942D0-A0BF-4237-9B0B-402FFFA01552}.Release|Any CPU.Build.0 = Release|Any CPU
		{BEAD8687-117B-475C-8C55-FD8903B26DC8}.Debug|Any CPU.ActiveCfg = Debug|Any CPU
		{BEAD8687-117B-475C-8C55-FD8903B26DC8}.Debug|Any CPU.Build.0 = Debug|Any CPU
		{BEAD8687-117B-475C-8C55-FD8903B26DC8}.Release|Any CPU.ActiveCfg = Release|Any CPU
		{BEAD8687-117B-475C-8C55-FD8903B26DC8}.Release|Any CPU.Build.0 = Release|Any CPU
		{3B1CF04F-0C25-4434-B2F0-A5D1CE234718}.Debug|Any CPU.ActiveCfg = Debug|Any CPU
		{3B1CF04F-0C25-4434-B2F0-A5D1CE234718}.Debug|Any CPU.Build.0 = Debug|Any CPU
		{3B1CF04F-0C25-4434-B2F0-A5D1CE234718}.Release|Any CPU.ActiveCfg = Release|Any CPU
		{3B1CF04F-0C25-4434-B2F0-A5D1CE234718}.Release|Any CPU.Build.0 = Release|Any CPU
		{22CDCC97-57C2-48EF-88C7-60388D9C918A}.Debug|Any CPU.ActiveCfg = Debug|Any CPU
		{22CDCC97-57C2-48EF-88C7-60388D9C918A}.Debug|Any CPU.Build.0 = Debug|Any CPU
		{22CDCC97-57C2-48EF-88C7-60388D9C918A}.Release|Any CPU.ActiveCfg = Release|Any CPU
		{22CDCC97-57C2-48EF-88C7-60388D9C918A}.Release|Any CPU.Build.0 = Release|Any CPU
		{098C00C5-8BD4-43D9-A9B9-92F9814DDC57}.Debug|Any CPU.ActiveCfg = Debug|Any CPU
		{098C00C5-8BD4-43D9-A9B9-92F9814DDC57}.Debug|Any CPU.Build.0 = Debug|Any CPU
		{098C00C5-8BD4-43D9-A9B9-92F9814DDC57}.Release|Any CPU.ActiveCfg = Release|Any CPU
		{098C00C5-8BD4-43D9-A9B9-92F9814DDC57}.Release|Any CPU.Build.0 = Release|Any CPU
		{00221D16-FD68-488B-A925-A9724E8A573A}.Debug|Any CPU.ActiveCfg = Debug|Any CPU
		{00221D16-FD68-488B-A925-A9724E8A573A}.Debug|Any CPU.Build.0 = Debug|Any CPU
		{00221D16-FD68-488B-A925-A9724E8A573A}.Release|Any CPU.ActiveCfg = Release|Any CPU
		{00221D16-FD68-488B-A925-A9724E8A573A}.Release|Any CPU.Build.0 = Release|Any CPU
		{2235BE2F-5327-430F-AB6D-DFADAA8945A5}.Debug|Any CPU.ActiveCfg = Debug|Any CPU
		{2235BE2F-5327-430F-AB6D-DFADAA8945A5}.Debug|Any CPU.Build.0 = Debug|Any CPU
		{2235BE2F-5327-430F-AB6D-DFADAA8945A5}.Release|Any CPU.ActiveCfg = Release|Any CPU
		{2235BE2F-5327-430F-AB6D-DFADAA8945A5}.Release|Any CPU.Build.0 = Release|Any CPU
	EndGlobalSection
	GlobalSection(NestedProjects) = preSolution
	EndGlobalSection
EndGlobal
