
Microsoft Visual Studio Solution File, Format Version 12.00
Project("{FAE04EC0-301F-11D3-BF4B-00C04F79EFBC}") = "Engine", "Engine\Engine.csproj", "{3F2942D0-A0BF-4237-9B0B-402FFFA01552}"
EndProject
Project("{FAE04EC0-301F-11D3-BF4B-00C04F79EFBC}") = "Foster.Framework", "Lib\Foster\Framework\Foster.Framework.csproj", "{00221D16-FD68-488B-A925-A9724E8A573A}"
EndProject
Project("{FAE04EC0-301F-11D3-BF4B-00C04F79EFBC}") = "Foster.Audio", "Lib\Foster.Audio\Foster.Audio\Foster.Audio.csproj", "{2235BE2F-5327-430F-AB6D-DFADAA8945A5}"
EndProject
Project("{FAE04EC0-301F-11D3-BF4B-00C04F79EFBC}") = "Friflo.Engine.ECS", "Lib\Friflo.Engine.ECS\src\ECS\Friflo.Engine.ECS.csproj", "{FFFB6BFC-51B4-4B02-B01F-3B74F6C6F34C}"
EndProject
Project("{FAE04EC0-301F-11D3-BF4B-00C04F79EFBC}") = "Friflo.Engine.ECS.Boost", "Lib\Friflo.Engine.ECS\src\ECS.Boost\Friflo.Engine.ECS.Boost.csproj", "{BD95CE9E-DC7D-4319-91E3-4629B1CA76E7}"
EndProject
Project("{FAE04EC0-301F-11D3-BF4B-00C04F79EFBC}") = "Box2D.NET", "Lib\Box2D.NET\Box2D.NET.csproj", "{E23EEF14-F57E-4003-8A73-3709711D62D3}"
EndProject
Project("{FAE04EC0-301F-11D3-BF4B-00C04F79EFBC}") = "Content", "Test\Content\Content.csproj", "{ED533AC4-10C0-4565-89E2-05D63C78434A}"
EndProject
Project("{FAE04EC0-301F-11D3-BF4B-00C04F79EFBC}") = "Editor", "Test\Editor\Editor.csproj", "{D1D62524-53D6-44C2-996E-4CFC7DD1DC4A}"
EndProject
Project("{FAE04EC0-301F-11D3-BF4B-00C04F79EFBC}") = "Runner", "Test\Runner\Runner.csproj", "{11C94ED8-ECCA-4552-AEDD-8509EA8203B9}"
EndProject

Global
	GlobalSection(SolutionConfigurationPlatforms) = preSolution
		Debug|Any CPU = Debug|Any CPU
		Release|Any CPU = Release|Any CPU
	EndGlobalSection
	GlobalSection(ProjectConfigurationPlatforms) = postSolution
		{3F2942D0-A0BF-4237-9B0B-402FFFA01552}.Debug|Any CPU.ActiveCfg = Debug|Any CPU
		{3F2942D0-A0BF-4237-9B0B-402FFFA01552}.Debug|Any CPU.Build.0 = Debug|Any CPU
		{3F2942D0-A0BF-4237-9B0B-402FFFA01552}.Release|Any CPU.ActiveCfg = Release|Any CPU
		{3F2942D0-A0BF-4237-9B0B-402FFFA01552}.Release|Any CPU.Build.0 = Release|Any CPU
		{00221D16-FD68-488B-A925-A9724E8A573A}.Debug|Any CPU.ActiveCfg = Debug|Any CPU
		{00221D16-FD68-488B-A925-A9724E8A573A}.Debug|Any CPU.Build.0 = Debug|Any CPU
		{00221D16-FD68-488B-A925-A9724E8A573A}.Release|Any CPU.ActiveCfg = Release|Any CPU
		{00221D16-FD68-488B-A925-A9724E8A573A}.Release|Any CPU.Build.0 = Release|Any CPU
		{2235BE2F-5327-430F-AB6D-DFADAA8945A5}.Debug|Any CPU.ActiveCfg = Debug|Any CPU
		{2235BE2F-5327-430F-AB6D-DFADAA8945A5}.Debug|Any CPU.Build.0 = Debug|Any CPU
		{2235BE2F-5327-430F-AB6D-DFADAA8945A5}.Release|Any CPU.ActiveCfg = Release|Any CPU
		{2235BE2F-5327-430F-AB6D-DFADAA8945A5}.Release|Any CPU.Build.0 = Release|Any CPU
		{FFFB6BFC-51B4-4B02-B01F-3B74F6C6F34C}.Debug|Any CPU.ActiveCfg = Debug|Any CPU
		{FFFB6BFC-51B4-4B02-B01F-3B74F6C6F34C}.Debug|Any CPU.Build.0 = Debug|Any CPU
		{FFFB6BFC-51B4-4B02-B01F-3B74F6C6F34C}.Release|Any CPU.ActiveCfg = Release|Any CPU
		{FFFB6BFC-51B4-4B02-B01F-3B74F6C6F34C}.Release|Any CPU.Build.0 = Release|Any CPU
		{BD95CE9E-DC7D-4319-91E3-4629B1CA76E7}.Debug|Any CPU.ActiveCfg = Debug|Any CPU
		{BD95CE9E-DC7D-4319-91E3-4629B1CA76E7}.Debug|Any CPU.Build.0 = Debug|Any CPU
		{BD95CE9E-DC7D-4319-91E3-4629B1CA76E7}.Release|Any CPU.ActiveCfg = Release|Any CPU
		{BD95CE9E-DC7D-4319-91E3-4629B1CA76E7}.Release|Any CPU.Build.0 = Release|Any CPU
		{E23EEF14-F57E-4003-8A73-3709711D62D3}.Debug|Any CPU.ActiveCfg = Debug|Any CPU
		{E23EEF14-F57E-4003-8A73-3709711D62D3}.Debug|Any CPU.Build.0 = Debug|Any CPU
		{E23EEF14-F57E-4003-8A73-3709711D62D3}.Release|Any CPU.ActiveCfg = Release|Any CPU
		{E23EEF14-F57E-4003-8A73-3709711D62D3}.Release|Any CPU.Build.0 = Release|Any CPU
		{ED533AC4-10C0-4565-89E2-05D63C78434A}.Debug|Any CPU.ActiveCfg = Debug|Any CPU
		{ED533AC4-10C0-4565-89E2-05D63C78434A}.Debug|Any CPU.Build.0 = Debug|Any CPU
		{ED533AC4-10C0-4565-89E2-05D63C78434A}.Release|Any CPU.ActiveCfg = Release|Any CPU
		{ED533AC4-10C0-4565-89E2-05D63C78434A}.Release|Any CPU.Build.0 = Release|Any CPU
		{D1D62524-53D6-44C2-996E-4CFC7DD1DC4A}.Debug|Any CPU.ActiveCfg = Debug|Any CPU
		{D1D62524-53D6-44C2-996E-4CFC7DD1DC4A}.Debug|Any CPU.Build.0 = Debug|Any CPU
		{D1D62524-53D6-44C2-996E-4CFC7DD1DC4A}.Release|Any CPU.ActiveCfg = Release|Any CPU
		{D1D62524-53D6-44C2-996E-4CFC7DD1DC4A}.Release|Any CPU.Build.0 = Release|Any CPU
		{11C94ED8-ECCA-4552-AEDD-8509EA8203B9}.Debug|Any CPU.ActiveCfg = Debug|Any CPU
		{11C94ED8-ECCA-4552-AEDD-8509EA8203B9}.Debug|Any CPU.Build.0 = Debug|Any CPU
		{11C94ED8-ECCA-4552-AEDD-8509EA8203B9}.Release|Any CPU.ActiveCfg = Release|Any CPU
		{11C94ED8-ECCA-4552-AEDD-8509EA8203B9}.Release|Any CPU.Build.0 = Release|Any CPU
	EndGlobalSection
	GlobalSection(NestedProjects) = preSolution
	EndGlobalSection
EndGlobal
